# THIS IS AN AUTOGENERATED FILE. DO NOT EDIT THIS FILE DIRECTLY.
# yarn lockfile v1


jquery@>=1.4.4:
  version "3.5.1"
  resolved "https://registry.yarnpkg.com/jquery/-/jquery-3.5.1.tgz#d7b4d08e1bfdb86ad2f1a3d039ea17304717abb5"

ztree@^3.5.24:
  version "3.5.24"
  resolved "http://registry.npm.taobao.org/ztree/download/ztree-3.5.24.tgz#b63fe52981fdf2c329675cfd2772f0d147521ff1"
  dependencies:
    jquery ">=1.4.4"
